
Microsoft Visual Studio Solution File, Format Version 12.00
# Visual Studio Version 17
VisualStudioVersion = 17.1.32210.238
MinimumVisualStudioVersion = 10.0.40219.1
Project("{2150E333-8FDC-42A3-9474-1A3956D46DE8}") = "Solution Items", "Solution Items", "{6890B5CE-39EE-4756-8D2F-10DE12378B07}"
	ProjectSection(SolutionItems) = preProject
		.editorconfig = .editorconfig
		.gitignore = .gitignore
		Directory.Build.props = Directory.Build.props
		.github\workflows\dotnet.yml = .github\workflows\dotnet.yml
		LICENSE = LICENSE
		Dev4Agriculture.ISO11783.ISOXML\nuget.config = Dev4Agriculture.ISO11783.ISOXML\nuget.config
		README.md = README.md
		.github\workflows\release.yml = .github\workflows\release.yml
	EndProjectSection
EndProject
Project("{9A19103F-16F7-4668-BE54-9A1E7A4F7556}") = "Dev4Agriculture.ISO11783.ISOXML", "Dev4Agriculture.ISO11783.ISOXML\Dev4Agriculture.ISO11783.ISOXML.csproj", "{90BE7915-7AE6-4F88-B935-8869C1DFD810}"
EndProject
Project("{9A19103F-16F7-4668-BE54-9A1E7A4F7556}") = "Dev4Agriculture.ISO11783.ISOXML.Examples", "Dev4Agriculture.ISO11783.ISOXML.Example\Dev4Agriculture.ISO11783.ISOXML.Examples.csproj", "{3EB53825-89E4-4B5B-B66A-B1A0106BFB46}"
EndProject
Project("{9A19103F-16F7-4668-BE54-9A1E7A4F7556}") = "Dev4Agriculture.ISO11783.ISOXML.Test", "Dev4Agriculture.ISO11783.ISOXML.Test\Dev4Agriculture.ISO11783.ISOXML.Test.csproj", "{04C1AF2C-930D-46B0-891F-D19CED4C30F0}"
EndProject
Project("{9A19103F-16F7-4668-BE54-9A1E7A4F7556}") = "Dev4Agriculture.ISO11783.ISOXML.Generation", "Dev4Agriculture.ISO11783.ISOXML.Generation\Dev4Agriculture.ISO11783.ISOXML.Generation.csproj", "{EC118283-F622-46AD-B891-5234DC07A1B3}"
EndProject
Global
	GlobalSection(SolutionConfigurationPlatforms) = preSolution
		Debug|Any CPU = Debug|Any CPU
		Release|Any CPU = Release|Any CPU
	EndGlobalSection
	GlobalSection(ProjectConfigurationPlatforms) = postSolution
		{90BE7915-7AE6-4F88-B935-8869C1DFD810}.Debug|Any CPU.ActiveCfg = Debug|Any CPU
		{90BE7915-7AE6-4F88-B935-8869C1DFD810}.Debug|Any CPU.Build.0 = Debug|Any CPU
		{90BE7915-7AE6-4F88-B935-8869C1DFD810}.Release|Any CPU.ActiveCfg = Release|Any CPU
		{90BE7915-7AE6-4F88-B935-8869C1DFD810}.Release|Any CPU.Build.0 = Release|Any CPU
		{3EB53825-89E4-4B5B-B66A-B1A0106BFB46}.Debug|Any CPU.ActiveCfg = Debug|Any CPU
		{3EB53825-89E4-4B5B-B66A-B1A0106BFB46}.Debug|Any CPU.Build.0 = Debug|Any CPU
		{3EB53825-89E4-4B5B-B66A-B1A0106BFB46}.Release|Any CPU.ActiveCfg = Release|Any CPU
		{3EB53825-89E4-4B5B-B66A-B1A0106BFB46}.Release|Any CPU.Build.0 = Release|Any CPU
		{04C1AF2C-930D-46B0-891F-D19CED4C30F0}.Debug|Any CPU.ActiveCfg = Debug|Any CPU
		{04C1AF2C-930D-46B0-891F-D19CED4C30F0}.Debug|Any CPU.Build.0 = Debug|Any CPU
		{04C1AF2C-930D-46B0-891F-D19CED4C30F0}.Release|Any CPU.ActiveCfg = Release|Any CPU
		{04C1AF2C-930D-46B0-891F-D19CED4C30F0}.Release|Any CPU.Build.0 = Release|Any CPU
		{EC118283-F622-46AD-B891-5234DC07A1B3}.Debug|Any CPU.ActiveCfg = Debug|Any CPU
		{EC118283-F622-46AD-B891-5234DC07A1B3}.Debug|Any CPU.Build.0 = Debug|Any CPU
		{EC118283-F622-46AD-B891-5234DC07A1B3}.Release|Any CPU.ActiveCfg = Release|Any CPU
		{EC118283-F622-46AD-B891-5234DC07A1B3}.Release|Any CPU.Build.0 = Release|Any CPU
	EndGlobalSection
	GlobalSection(SolutionProperties) = preSolution
		HideSolutionNode = FALSE
	EndGlobalSection
	GlobalSection(ExtensibilityGlobals) = postSolution
		SolutionGuid = {F438D88B-CD78-460A-BEB4-A48229D50BF7}
	EndGlobalSection
EndGlobal
